
Microsoft Visual Studio Solution File, Format Version 12.00
# Visual Studio Version 17
VisualStudioVersion = 17.7.34221.43
MinimumVisualStudioVersion = 10.0.40219.1
Project("{FAE04EC0-301F-11D3-BF4B-00C04F79EFBC}") = "qr_test3", "qr_test3.csproj", "{3DB7ECF9-8CB0-4B6B-B17C-F4FDE09695DA}"
EndProject
Global
	GlobalSection(SolutionConfigurationPlatforms) = preSolution
		Debug|Any CPU = Debug|Any CPU
		Release|Any CPU = Release|Any CPU
	EndGlobalSection
	GlobalSection(ProjectConfigurationPlatforms) = postSolution
		{3DB7ECF9-8CB0-4B6B-B17C-F4FDE09695DA}.Debug|Any CPU.ActiveCfg = Debug|Any CPU
		{3DB7ECF9-8CB0-4B6B-B17C-F4FDE09695DA}.Debug|Any CPU.Build.0 = Debug|Any CPU
		{3DB7ECF9-8CB0-4B6B-B17C-F4FDE09695DA}.Debug|Any CPU.Deploy.0 = Debug|Any CPU
		{3DB7ECF9-8CB0-4B6B-B17C-F4FDE09695DA}.Release|Any CPU.ActiveCfg = Release|Any CPU
		{3DB7ECF9-8CB0-4B6B-B17C-F4FDE09695DA}.Release|Any CPU.Build.0 = Release|Any CPU
		{3DB7ECF9-8CB0-4B6B-B17C-F4FDE09695DA}.Release|Any CPU.Deploy.0 = Release|Any CPU
	EndGlobalSection
	GlobalSection(SolutionProperties) = preSolution
		HideSolutionNode = FALSE
	EndGlobalSection
	GlobalSection(ExtensibilityGlobals) = postSolution
		SolutionGuid = {491A4EF2-24D5-40B1-8468-93702B3A1FBB}
	EndGlobalSection
EndGlobal
